<?xml version="1.0" encoding="utf-8"?>
<Project ToolsVersion="4.0" xmlns="http://schemas.microsoft.com/developer/msbuild/2003">
  <ItemGroup>
    <Filter Include="Source Files">
      <UniqueIdentifier>{4c872907-7fbc-474a-9a38-296f05fbdb98}</UniqueIdentifier>
      <Extensions>cpp;c;cxx;rc;def;r;odl;idl;hpj;bat</Extensions>
    </Filter>
    <Filter Include="Header Files">
      <UniqueIdentifier>{a4ebaf20-38a6-424a-b474-4671d36e3afd}</UniqueIdentifier>
      <Extensions>h;hpp;hxx;hm;inl</Extensions>
    </Filter>
    <Filter Include="Resource Files">
      <UniqueIdentifier>{44a04d93-6196-4f00-bdb2-2f23935f4e26}</UniqueIdentifier>
      <Extensions>ico;cur;bmp;dlg;rc2;rct;bin;rgs;gif;jpg;jpeg;jpe</Extensions>
    </Filter>
  </ItemGroup>
  <ItemGroup>
    <ClCompile Include="miro_fun.c">
      <Filter>Source Files</Filter>
    </ClCompile>
    <ClCompile Include="miro_fun2.c">
      <Filter>Source Files</Filter>
    </ClCompile>
    <ClCompile Include="Q_S.c">
      <Filter>Source Files</Filter>
    </ClCompile>
    <ClCompile Include="QS_fun.c">
      <Filter>Source Files</Filter>
    </ClCompile>
  </ItemGroup>
  <ItemGroup>
    <ClInclude Include="Q_S.h">
      <Filter>Header Files</Filter>
    </ClInclude>
  </ItemGroup>
</Project>